# Run ./gradlew --write-locks to regenerate this file
aopalliance:aopalliance:1.0 (1 constraints: 170a83ac)
com.amazonaws:aws-java-sdk-bundle:1.11.808 (1 constraints: e80cb427)
com.clearspring.analytics:stream:2.9.6 (1 constraints: 230de736)
com.esotericsoftware:kryo-shaded:4.0.2 (2 constraints: b8134fa6)
com.esotericsoftware:minlog:1.3.0 (1 constraints: 670e7c4f)
com.fasterxml.jackson.core:jackson-annotations:2.11.0 (8 constraints: df8f62bc)
com.fasterxml.jackson.core:jackson-core:2.11.0 (12 constraints: 4fe48fe1)
com.fasterxml.jackson.core:jackson-databind:2.11.0 (20 constraints: c16918ba)
com.fasterxml.jackson.dataformat:jackson-dataformat-yaml:2.11.0 (1 constraints: 3605323b)
com.fasterxml.jackson.datatype:jackson-datatype-guava:2.11.0 (1 constraints: 3605323b)
com.fasterxml.jackson.datatype:jackson-datatype-jdk8:2.11.0 (1 constraints: 3605323b)
com.fasterxml.jackson.jaxrs:jackson-jaxrs-base:2.11.0 (1 constraints: 73175c3d)
com.fasterxml.jackson.jaxrs:jackson-jaxrs-json-provider:2.11.0 (1 constraints: 7e0f1581)
com.fasterxml.jackson.module:jackson-module-jaxb-annotations:2.11.0 (2 constraints: f026b7dd)
com.fasterxml.jackson.module:jackson-module-paranamer:2.11.0 (1 constraints: 03163816)
com.fasterxml.jackson.module:jackson-module-scala_2.12:2.11.0 (1 constraints: 450d1044)
com.fasterxml.woodstox:woodstox-core:5.0.3 (1 constraints: 8c0d472f)
com.github.ben-manes.caffeine:caffeine:2.8.4 (1 constraints: b712be12)
com.github.luben:zstd-jni:1.4.4-3 (1 constraints: 7b0d9451)
com.github.rholder:guava-retrying:2.0.0 (1 constraints: 0405f535)
com.github.spotbugs:spotbugs-annotations:3.1.9 (1 constraints: 8d0d3128)
com.github.stephenc.jcip:jcip-annotations:1.0-1 (1 constraints: 930cbb09)
com.google.code.findbugs:jsr305:3.0.2 (9 constraints: a481016b)
com.google.code.gson:gson:2.2.4 (1 constraints: 8c0d3f2f)
com.google.errorprone:error_prone_annotations:2.4.0 (5 constraints: 954fb1b5)
com.google.flatbuffers:flatbuffers-java:1.9.0 (2 constraints: e5199714)
com.google.guava:failureaccess:1.0.1 (1 constraints: 140ae1b4)
com.google.guava:guava:29.0-jre (22 constraints: 165dd373)
com.google.guava:listenablefuture:9999.0-empty-to-avoid-conflict-with-guava (1 constraints: bd17c918)
com.google.inject:guice:4.0 (2 constraints: da200f37)
com.google.inject.extensions:guice-servlet:4.0 (1 constraints: 110f4e62)
com.google.j2objc:j2objc-annotations:1.3 (1 constraints: b809eda0)
com.google.protobuf:protobuf-java:2.5.0 (8 constraints: 2b843ec7)
com.google.re2j:re2j:1.1 (1 constraints: 280d5714)
com.jcraft:jsch:0.1.54 (1 constraints: be0df13c)
com.microsoft.azure:azure-keyvault-core:1.0.0 (1 constraints: b40e795b)
com.microsoft.azure:azure-storage:8.4.0 (2 constraints: 3612521b)
com.nimbusds:nimbus-jose-jwt:4.41.1 (2 constraints: 6a1a5b39)
com.ning:compress-lzf:1.0.3 (1 constraints: 160dc436)
com.palantir.common:streams:1.9.1 (1 constraints: 0d050c36)
com.palantir.conjure.java.api:service-config:2.14.0 (1 constraints: 1914d376)
com.palantir.conjure.java.api:ssl-config:2.14.0 (2 constraints: a0253d38)
com.palantir.conjure.java.runtime:client-config:6.1.0 (1 constraints: 09050c36)
com.palantir.conjure.java.runtime:keystores:6.1.0 (1 constraints: e913c462)
com.palantir.refreshable:refreshable:1.0.0 (1 constraints: e313a862)
com.palantir.safe-logging:preconditions:1.13.0 (7 constraints: 866a5262)
com.palantir.safe-logging:safe-logging:1.13.0 (4 constraints: c148d412)
com.palantir.tokens:auth-tokens:3.6.1 (1 constraints: 9412fc1d)
com.palantir.tritium:tritium-registry:0.16.10 (1 constraints: 4a14188b)
com.squareup.okhttp:okhttp:2.7.5 (1 constraints: 5a0fe17e)
com.squareup.okio:okio:1.6.0 (1 constraints: 1e0c1ff2)
com.thoughtworks.paranamer:paranamer:2.8 (4 constraints: 68364d1c)
com.twitter:chill-java:0.9.5 (2 constraints: ad160470)
com.twitter:chill_2.12:0.9.5 (2 constraints: 181b2bc4)
com.univocity:univocity-parsers:2.8.3 (2 constraints: a01b9ef6)
commons-beanutils:commons-beanutils:1.9.3 (1 constraints: 910d4e2f)
commons-cli:commons-cli:1.2 (4 constraints: 3c3b19ea)
commons-codec:commons-codec:1.11 (10 constraints: 7a89b302)
commons-collections:commons-collections:3.2.2 (2 constraints: 431db927)
commons-daemon:commons-daemon:1.0.13 (1 constraints: 90100fb7)
commons-io:commons-io:2.5 (4 constraints: 3a387a21)
commons-lang:commons-lang:2.6 (2 constraints: cc1590ea)
commons-logging:commons-logging:1.2 (1 constraints: c20f9771)
commons-net:commons-net:3.6 (3 constraints: eb297a7b)
dnsjava:dnsjava:2.1.7 (2 constraints: f21ddc52)
io.airlift:aircompressor:0.10 (1 constraints: 090a9fb2)
io.dropwizard.metrics:metrics-core:4.1.1 (8 constraints: c67d473c)
io.dropwizard.metrics:metrics-graphite:4.1.1 (1 constraints: 180dd436)
io.dropwizard.metrics:metrics-jmx:4.1.1 (1 constraints: 180dd436)
io.dropwizard.metrics:metrics-json:4.1.1 (1 constraints: 180dd436)
io.dropwizard.metrics:metrics-jvm:4.1.1 (1 constraints: 180dd436)
io.netty:netty:3.10.6.Final (1 constraints: d20fce8e)
io.netty:netty-all:4.1.50.Final (3 constraints: 3d2a21f1)
jakarta.activation:jakarta.activation-api:1.2.1 (2 constraints: b928fbbd)
jakarta.annotation:jakarta.annotation-api:1.3.5 (2 constraints: f5217bb4)
jakarta.validation:jakarta.validation-api:2.0.2 (1 constraints: fd10b6c3)
jakarta.ws.rs:jakarta.ws.rs-api:2.1.6 (5 constraints: 8c647f61)
jakarta.xml.bind:jakarta.xml.bind-api:2.3.2 (1 constraints: 30198ba6)
javax.activation:activation:1.1.1 (1 constraints: 150dc536)
javax.annotation:javax.annotation-api:1.3.2 (1 constraints: 29133a28)
javax.inject:javax.inject:1 (1 constraints: b9098598)
javax.servlet:javax.servlet-api:3.1.0 (5 constraints: e34a3c03)
javax.servlet.jsp:jsp-api:2.2 (2 constraints: d01143f1)
javax.xml.bind:jaxb-api:2.2.11 (2 constraints: f21da07e)
jline:jline:0.9.94 (1 constraints: c60d0036)
log4j:log4j:1.2.17 (7 constraints: a45eeeb7)
net.jpountz.lz4:lz4:1.3.0 (1 constraints: 54072e69)
net.minidev:accessors-smart:1.2 (1 constraints: e60926a4)
net.minidev:json-smart:2.3 (2 constraints: 611a4d4c)
net.razorvine:pyrolite:4.30 (1 constraints: eb0cc229)
net.sf.py4j:py4j:0.10.9 (1 constraints: 4c0d0d44)
org.antlr:antlr4-runtime:4.7.1 (1 constraints: da0e9d7c)
org.apache.arrow:arrow-format:0.15.1 (1 constraints: 250df721)
org.apache.arrow:arrow-memory:0.15.1 (1 constraints: 250df721)
org.apache.arrow:arrow-vector:0.15.1 (1 constraints: 050f878b)
org.apache.avro:avro:1.8.2 (3 constraints: 6a2571c3)
org.apache.avro:avro-ipc:1.8.2 (1 constraints: f90b5bf4)
org.apache.avro:avro-mapred:1.8.2 (1 constraints: 1d0ddb36)
org.apache.commons:commons-compress:1.18 (3 constraints: f725f081)
org.apache.commons:commons-configuration2:2.1.1 (1 constraints: 880d392f)
org.apache.commons:commons-crypto:1.0.0 (2 constraints: 3c1ea6bf)
org.apache.commons:commons-lang3:3.9 (4 constraints: 923866f6)
org.apache.commons:commons-math3:3.4.1 (2 constraints: a21afc90)
org.apache.commons:commons-text:1.6 (2 constraints: e519af32)
org.apache.curator:curator-client:2.13.0 (3 constraints: 522e65b4)
org.apache.curator:curator-framework:2.13.0 (3 constraints: 982c28da)
org.apache.curator:curator-recipes:2.13.0 (3 constraints: 652bce97)
org.apache.geronimo.specs:geronimo-jcache_1.0_spec:1.0-alpha-1 (1 constraints: 6314cf7b)
org.apache.hadoop:hadoop-annotations:3.2.1 (7 constraints: 946a503f)
org.apache.hadoop:hadoop-auth:3.2.1 (3 constraints: 5a2d210a)
org.apache.hadoop:hadoop-aws:3.2.1 (1 constraints: 08050136)
org.apache.hadoop:hadoop-azure:3.2.1 (1 constraints: 08050136)
org.apache.hadoop:hadoop-client:3.2.1 (2 constraints: 4e1acf88)
org.apache.hadoop:hadoop-common:3.2.1 (2 constraints: e01dc14f)
org.apache.hadoop:hadoop-hdfs-client:3.2.1 (3 constraints: 28309b98)
org.apache.hadoop:hadoop-mapreduce-client-common:3.2.1 (1 constraints: 4a1595b2)
org.apache.hadoop:hadoop-mapreduce-client-core:3.2.1 (2 constraints: 98217e9e)
org.apache.hadoop:hadoop-mapreduce-client-jobclient:3.2.1 (1 constraints: 800db42e)
org.apache.hadoop:hadoop-yarn-api:3.2.1 (7 constraints: 716f07f7)
org.apache.hadoop:hadoop-yarn-client:3.2.1 (4 constraints: ff41f8c5)
org.apache.hadoop:hadoop-yarn-common:3.2.1 (7 constraints: d279d4a6)
org.apache.hadoop:hadoop-yarn-registry:3.2.1 (1 constraints: 35126b05)
org.apache.hadoop:hadoop-yarn-server-common:3.2.1 (1 constraints: 5913d942)
org.apache.hadoop:hadoop-yarn-server-web-proxy:3.2.1 (1 constraints: 300d0438)
org.apache.hive:hive-storage-api:2.7.1 (1 constraints: c30cd327)
org.apache.htrace:htrace-core4:4.1.0-incubating (1 constraints: da11d6dc)
org.apache.httpcomponents:httpclient:4.5.6 (3 constraints: 7e277e5d)
org.apache.httpcomponents:httpcore:4.4.10 (1 constraints: 561013a2)
org.apache.ivy:ivy:2.4.0 (1 constraints: 180dd236)
org.apache.kerby:kerb-admin:1.0.1 (1 constraints: 840d892f)
org.apache.kerby:kerb-client:1.0.1 (1 constraints: 840d892f)
org.apache.kerby:kerb-common:1.0.1 (2 constraints: a51841ca)
org.apache.kerby:kerb-core:1.0.1 (5 constraints: 143f3eac)
org.apache.kerby:kerb-crypto:1.0.1 (2 constraints: d617fe96)
org.apache.kerby:kerb-identity:1.0.1 (1 constraints: 5f0cb602)
org.apache.kerby:kerb-server:1.0.1 (1 constraints: d10b65f2)
org.apache.kerby:kerb-simplekdc:1.0.1 (2 constraints: 341ac83a)
org.apache.kerby:kerb-util:1.0.1 (2 constraints: 1718f1a8)
org.apache.kerby:kerby-asn1:1.0.1 (1 constraints: fd0be9f4)
org.apache.kerby:kerby-config:1.0.1 (4 constraints: 4d3182b9)
org.apache.kerby:kerby-pkix:1.0.1 (1 constraints: 710bfce4)
org.apache.kerby:kerby-util:1.0.1 (2 constraints: 6518bdb6)
org.apache.kerby:kerby-xdr:1.0.1 (1 constraints: d10b65f2)
org.apache.kerby:token-provider:1.0.1 (1 constraints: 470c5e01)
org.apache.orc:orc-core:1.5.10 (1 constraints: f00cb834)
org.apache.orc:orc-mapreduce:1.5.10 (1 constraints: f00cb834)
org.apache.orc:orc-shims:1.5.10 (1 constraints: 6d0a53c7)
org.apache.parquet:parquet-column:1.12.0-palantir.7 (2 constraints: 901f214f)
org.apache.parquet:parquet-common:1.12.0-palantir.7 (2 constraints: 28260a82)
org.apache.parquet:parquet-encoding:1.12.0-palantir.7 (1 constraints: b812ea1f)
org.apache.parquet:parquet-format-structures:1.12.0-palantir.7 (2 constraints: 5725402f)
org.apache.parquet:parquet-hadoop:1.12.0-palantir.7 (1 constraints: ec0ca934)
org.apache.parquet:parquet-jackson:1.12.0-palantir.7 (1 constraints: a512071e)
org.apache.spark:spark-catalyst_2.12:3.0.0 (1 constraints: bc0cc227)
org.apache.spark:spark-core_2.12:3.0.0 (3 constraints: b1286096)
org.apache.spark:spark-hadoop-cloud_2.12:3.0.0 (1 constraints: 0505fa35)
org.apache.spark:spark-kvstore_2.12:3.0.0 (1 constraints: 150dcb36)
org.apache.spark:spark-launcher_2.12:3.0.0 (1 constraints: 150dcb36)
org.apache.spark:spark-network-common_2.12:3.0.0 (2 constraints: a41eb4e1)
org.apache.spark:spark-network-shuffle_2.12:3.0.0 (1 constraints: 150dcb36)
org.apache.spark:spark-sketch_2.12:3.0.0 (2 constraints: 8c1be2f4)
org.apache.spark:spark-sql_2.12:3.0.0 (1 constraints: 0505fa35)
org.apache.spark:spark-tags_2.12:3.0.0 (7 constraints: b061d1d6)
org.apache.spark:spark-unsafe_2.12:3.0.0 (2 constraints: e51bca12)
org.apache.spark:spark-yarn_2.12:3.0.0 (1 constraints: 0505fa35)
org.apache.xbean:xbean-asm7-shaded:4.15 (3 constraints: dd223fc8)
org.apache.yetus:audience-annotations:0.7.0 (2 constraints: 1d1c68b7)
org.apache.zookeeper:zookeeper:3.4.14 (6 constraints: 8359b495)
org.bouncycastle:bcpkix-jdk15on:1.60 (1 constraints: 2c13822f)
org.bouncycastle:bcprov-jdk15on:1.60 (2 constraints: 82203f44)
org.checkerframework:checker-qual:3.4.0 (2 constraints: 431a4a5e)
org.codehaus.jackson:jackson-core-asl:1.9.13 (5 constraints: ee3e4a99)
org.codehaus.jackson:jackson-mapper-asl:1.9.13 (4 constraints: fe2d46fc)
org.codehaus.janino:commons-compiler:3.0.16 (2 constraints: 011bc49f)
org.codehaus.janino:janino:3.0.16 (1 constraints: 080f8b8b)
org.codehaus.woodstox:stax2-api:3.1.4 (2 constraints: ba1d4a4d)
org.eclipse.collections:eclipse-collections:10.2.0 (2 constraints: 731ec1d4)
org.eclipse.collections:eclipse-collections-api:10.2.0 (3 constraints: 5031718b)
org.eclipse.collections:eclipse-collections-forkjoin:10.2.0 (1 constraints: 0708ae81)
org.eclipse.jetty:jetty-http:9.3.24.v20180605 (1 constraints: fb0f44cd)
org.eclipse.jetty:jetty-io:9.3.24.v20180605 (1 constraints: fb0f44cd)
org.eclipse.jetty:jetty-security:9.3.24.v20180605 (1 constraints: 691033e2)
org.eclipse.jetty:jetty-server:9.3.24.v20180605 (2 constraints: ce256d1b)
org.eclipse.jetty:jetty-servlet:9.3.24.v20180605 (2 constraints: e21f07bf)
org.eclipse.jetty:jetty-util:9.3.24.v20180605 (6 constraints: ea5e9b47)
org.eclipse.jetty:jetty-util-ajax:9.3.24.v20180605 (1 constraints: 9e0f91c0)
org.eclipse.jetty:jetty-webapp:9.3.24.v20180605 (1 constraints: 0010ecd3)
org.eclipse.jetty:jetty-xml:9.3.24.v20180605 (1 constraints: e30f11cb)
org.ehcache:ehcache:3.3.1 (1 constraints: 36126e05)
org.fusesource.leveldbjni:leveldbjni-all:1.8 (2 constraints: f51e57d0)
org.glassfish.hk2:hk2-api:2.6.1 (1 constraints: 6e0c620c)
org.glassfish.hk2:hk2-locator:2.6.1 (1 constraints: 4410e0ad)
org.glassfish.hk2:hk2-utils:2.6.1 (2 constraints: 21173277)
org.glassfish.hk2:osgi-resource-locator:1.0.3 (2 constraints: 7d23b265)
org.glassfish.hk2.external:aopalliance-repackaged:2.6.1 (2 constraints: 21173277)
org.glassfish.hk2.external:jakarta.inject:2.6.1 (8 constraints: fd81450c)
org.glassfish.jersey.containers:jersey-container-servlet:2.30 (1 constraints: e90cba29)
org.glassfish.jersey.containers:jersey-container-servlet-core:2.30 (2 constraints: a324a493)
org.glassfish.jersey.core:jersey-client:2.30 (2 constraints: b81d403b)
org.glassfish.jersey.core:jersey-common:2.30 (7 constraints: 2b82590b)
org.glassfish.jersey.core:jersey-server:2.30 (3 constraints: 333ee426)
org.glassfish.jersey.inject:jersey-hk2:2.30 (1 constraints: e90cba29)
org.glassfish.jersey.media:jersey-media-jaxb:2.30 (1 constraints: d010c1b2)
org.immutables:value:2.8.8 (1 constraints: 14051536)
org.javassist:javassist:3.25.0-GA (1 constraints: 2a110ef1)
org.jetbrains:annotations:13.0 (1 constraints: df0e795c)
org.jetbrains.kotlin:kotlin-stdlib:1.2.71 (1 constraints: 600961bf)
org.jetbrains.kotlin:kotlin-stdlib-common:1.2.71 (1 constraints: 440fc77a)
org.json4s:json4s-ast_2.12:3.6.6 (1 constraints: 110baae9)
org.json4s:json4s-core_2.12:3.6.6 (1 constraints: 510c6316)
org.json4s:json4s-jackson_2.12:3.6.6 (1 constraints: 210de336)
org.json4s:json4s-scalap_2.12:3.6.6 (1 constraints: 110baae9)
org.lz4:lz4-java:1.7.1 (1 constraints: 1b0dd736)
org.mapdb:elsa:3.0.0-M5 (1 constraints: 02087e80)
org.mapdb:mapdb:3.0.8 (1 constraints: 0d050236)
org.objenesis:objenesis:2.6 (2 constraints: 1e1990cb)
org.roaringbitmap:RoaringBitmap:0.7.45 (1 constraints: 520d2744)
org.roaringbitmap:shims:0.7.45 (1 constraints: 260eb249)
org.scala-lang:scala-library:2.12.11 (12 constraints: 23ac4ed9)
org.scala-lang:scala-reflect:2.12.10 (2 constraints: ab1c0b7a)
org.scala-lang.modules:scala-parser-combinators_2.12:1.1.2 (1 constraints: d20e7d7c)
org.scala-lang.modules:scala-xml_2.12:1.2.0 (1 constraints: 150dc736)
org.slf4j:jcl-over-slf4j:1.7.30 (1 constraints: 4d0d2644)
org.slf4j:jul-to-slf4j:1.7.30 (1 constraints: 4d0d2644)
org.slf4j:slf4j-api:1.7.30 (37 constraints: 710edbc2)
org.slf4j:slf4j-log4j12:1.7.30 (4 constraints: b8351c86)
org.spark-project.spark:unused:1.0.0 (11 constraints: 939ef631)
org.threeten:threeten-extra:1.5.0 (1 constraints: 3c0ae5bc)
org.tukaani:xz:1.5 (1 constraints: f008458a)
org.wildfly.openssl:wildfly-openssl:1.0.7.Final (1 constraints: 420f9c75)
org.xerial.snappy:snappy-java:1.1.7.5 (3 constraints: 1626903f)
org.yaml:snakeyaml:1.26 (1 constraints: 7117f927)
oro:oro:2.0.8 (1 constraints: 1c0dce36)

[Test dependencies]
net.bytebuddy:byte-buddy:1.10.5 (1 constraints: 410b37de)
net.bytebuddy:byte-buddy-agent:1.10.5 (1 constraints: 410b37de)
org.apiguardian:apiguardian-api:1.1.0 (5 constraints: 0654a8a8)
org.assertj:assertj-core:3.16.1 (1 constraints: 3d05483b)
org.junit.jupiter:junit-jupiter:5.6.2 (1 constraints: 0f051836)
org.junit.jupiter:junit-jupiter-api:5.6.2 (3 constraints: 702f4bdc)
org.junit.jupiter:junit-jupiter-engine:5.6.2 (2 constraints: 1813303c)
org.junit.jupiter:junit-jupiter-params:5.6.2 (1 constraints: 0a0ed93b)
org.junit.platform:junit-platform-commons:1.6.2 (2 constraints: d9209d4a)
org.junit.platform:junit-platform-engine:1.6.2 (1 constraints: a91021b4)
org.mockito:mockito-core:3.3.3 (1 constraints: 0b050636)
org.opentest4j:opentest4j:1.2.0 (2 constraints: cd205b49)
