# Run ./gradlew --write-locks to regenerate this file
aopalliance:aopalliance:1.0 (1 constraints: 170a83ac)
ch.qos.logback:logback-access:1.2.3 (2 constraints: 4e242691)
ch.qos.logback:logback-classic:1.2.3 (3 constraints: 2630be3a)
ch.qos.logback:logback-core:1.2.3 (3 constraints: 1a28577f)
com.carrotsearch:hppc:0.7.2 (1 constraints: f70cda14)
com.clearspring.analytics:stream:2.9.6 (2 constraints: e9215f08)
com.esotericsoftware:kryo-shaded:4.0.2 (2 constraints: b71345a6)
com.esotericsoftware:minlog:1.3.0 (1 constraints: 670e7c4f)
com.fasterxml:classmate:1.3.1 (1 constraints: a40e4f58)
com.fasterxml.jackson.core:jackson-annotations:2.9.7 (11 constraints: 75cd1ec4)
com.fasterxml.jackson.core:jackson-core:2.9.8 (16 constraints: ec4b597b)
com.fasterxml.jackson.core:jackson-databind:2.9.8 (30 constraints: 2812de2f)
com.fasterxml.jackson.dataformat:jackson-dataformat-cbor:2.9.7 (2 constraints: 6a25db55)
com.fasterxml.jackson.dataformat:jackson-dataformat-yaml:2.9.7 (3 constraints: 02335f95)
com.fasterxml.jackson.datatype:jackson-datatype-guava:2.9.7 (6 constraints: 925dc778)
com.fasterxml.jackson.datatype:jackson-datatype-jdk8:2.9.7 (7 constraints: 6f6b4358)
com.fasterxml.jackson.datatype:jackson-datatype-joda:2.9.7 (2 constraints: 5123d076)
com.fasterxml.jackson.datatype:jackson-datatype-jsr310:2.9.7 (4 constraints: 95436875)
com.fasterxml.jackson.jaxrs:jackson-jaxrs-base:2.9.7 (1 constraints: 51170426)
com.fasterxml.jackson.jaxrs:jackson-jaxrs-json-provider:2.9.7 (2 constraints: fa227952)
com.fasterxml.jackson.module:jackson-module-afterburner:2.9.7 (6 constraints: 925dc778)
com.fasterxml.jackson.module:jackson-module-jaxb-annotations:2.9.7 (2 constraints: 192cd864)
com.fasterxml.jackson.module:jackson-module-parameter-names:2.9.4 (1 constraints: 890ec24f)
com.fasterxml.jackson.module:jackson-module-paranamer:2.9.7 (1 constraints: e0154600)
com.fasterxml.jackson.module:jackson-module-scala_2.11:2.9.7 (2 constraints: eb219e08)
com.fasterxml.woodstox:woodstox-core:5.0.3 (1 constraints: 8c0d472f)
com.github.luben:zstd-jni:1.3.5-3 (2 constraints: 9922e77c)
com.github.stephenc.jcip:jcip-annotations:1.0-1 (1 constraints: 930cbb09)
com.google.code.findbugs:jsr305:3.0.2 (12 constraints: 30ad1e5b)
com.google.code.gson:gson:2.2.4 (1 constraints: 8c0d3f2f)
com.google.errorprone:error_prone_annotations:2.1.3 (2 constraints: 191b8b59)
com.google.guava:guava:23.6.1-jre (12 constraints: 9dc10f2c)
com.google.inject:guice:3.0 (2 constraints: db2248e6)
com.google.j2objc:j2objc-annotations:1.1 (1 constraints: b609eba0)
com.google.protobuf:protobuf-java:2.5.0 (12 constraints: 63d49288)
com.jcraft:jsch:0.1.54 (1 constraints: be0df13c)
com.microsoft.sqlserver:mssql-jdbc:6.2.1.jre7 (1 constraints: de137765)
com.nimbusds:nimbus-jose-jwt:4.41.1 (1 constraints: e70c4e1d)
com.ning:compress-lzf:1.0.4 (2 constraints: d1213f05)
com.palantir.common:streams:1.9.1 (1 constraints: 1a0f5269)
com.palantir.conjure:conjure-java-lib:1.6.0 (1 constraints: 1a140173)
com.palantir.conjure.java:conjure-lib:2.7.1 (1 constraints: 9713ad4e)
com.palantir.conjure.java.api:errors:2.2.0 (1 constraints: ec0f7099)
com.palantir.conjure.java.api:service-config:2.2.0 (1 constraints: 130f4169)
com.palantir.conjure.java.api:ssl-config:2.2.0 (1 constraints: 8e12ea1d)
com.palantir.immutables.style:immutables-style:1.2.0 (1 constraints: a1083a7e)
com.palantir.remoting-api:errors:1.7.0 (1 constraints: ef0fd89a)
com.palantir.remoting-api:tracing:1.5.0 (2 constraints: ea1c6c04)
com.palantir.remoting3:jackson-support:3.8.1 (1 constraints: 540d1626)
com.palantir.remoting3:tracing:3.8.1 (1 constraints: 1414fd62)
com.palantir.ri:resource-identifier:1.0.1 (2 constraints: d11fe70f)
com.palantir.safe-logging:preconditions:1.7.1 (4 constraints: 31416367)
com.palantir.safe-logging:safe-logging:1.7.1 (9 constraints: 8288b150)
com.palantir.sls.logging:sls-logging:2.2.0 (2 constraints: f0247cf7)
com.palantir.sls.logging:sls-logging-api-objects:2.2.0 (1 constraints: 990f5687)
com.palantir.sls.logging:sls-logging-dropwizard:2.2.0 (1 constraints: 0605fb35)
com.palantir.sls.logging:sls-logging-jersey:2.2.0 (1 constraints: 99122a1f)
com.palantir.sls.logging:sls-logging-logback:2.2.0 (1 constraints: 0c14e562)
com.palantir.sls.status:sls-status:2.1.0 (1 constraints: 0505f835)
com.palantir.sls.status:sls-status-api:2.1.0 (1 constraints: 120f3e69)
com.palantir.sls.status:sls-status-api-objects:2.1.0 (1 constraints: 7910ddae)
com.palantir.tokens:auth-tokens:3.3.0 (4 constraints: ec42edb6)
com.palantir.tokens:auth-tokens-filter:3.0.1 (1 constraints: 0c14e562)
com.palantir.tracing:tracing:2.0.1 (1 constraints: 120f3c69)
com.palantir.tracing:tracing-api:2.0.1 (1 constraints: 9b0c3009)
com.palantir.tritium:tritium-registry:0.9.0 (1 constraints: 9e0f6187)
com.papertrail:profiler:1.0.2 (1 constraints: e21051b8)
com.squareup.okhttp:okhttp:2.7.5 (2 constraints: 1e24b4d7)
com.squareup.okio:okio:1.15.0 (2 constraints: 0b21a1a6)
com.thoughtworks.paranamer:paranamer:2.8 (4 constraints: 0c3e58f6)
com.twitter:chill-java:0.9.3 (3 constraints: 692bb585)
com.twitter:chill_2.11:0.9.3 (3 constraints: d42fa810)
com.univocity:univocity-parsers:2.7.3 (2 constraints: 9c1b34f6)
com.vlkan:flatbuffers:1.2.0-3f79e055 (2 constraints: 411e1dee)
com.zaxxer:HikariCP-java7:2.4.12 (1 constraints: 6812d417)
commons-beanutils:commons-beanutils:1.9.3 (2 constraints: 9d23b599)
commons-beanutils:commons-beanutils-core:1.8.0 (1 constraints: 1d134124)
commons-cli:commons-cli:1.2 (3 constraints: 3d2b1dca)
commons-codec:commons-codec:1.11 (12 constraints: 48b1017c)
commons-collections:commons-collections:3.2.2 (4 constraints: 19454db0)
commons-configuration:commons-configuration:1.6 (1 constraints: 2d0d5c14)
commons-digester:commons-digester:1.8 (1 constraints: bf1228fe)
commons-io:commons-io:2.6 (3 constraints: 9e3084b6)
commons-lang:commons-lang:2.6 (9 constraints: c789c206)
commons-net:commons-net:3.6 (3 constraints: 462e7eb1)
io.airlift:aircompressor:0.10 (1 constraints: 090a9fb2)
io.dropwizard:dropwizard-configuration:1.2.4 (1 constraints: 410d301f)
io.dropwizard:dropwizard-core:1.2.4 (1 constraints: 0f14e462)
io.dropwizard:dropwizard-jackson:1.2.4 (5 constraints: 85495f93)
io.dropwizard:dropwizard-jersey:1.2.4 (1 constraints: 410d301f)
io.dropwizard:dropwizard-jetty:1.2.4 (2 constraints: f51ee68a)
io.dropwizard:dropwizard-lifecycle:1.2.4 (2 constraints: cf1b218f)
io.dropwizard:dropwizard-logging:1.2.4 (4 constraints: e53abf93)
io.dropwizard:dropwizard-metrics:1.2.4 (2 constraints: f821e0f7)
io.dropwizard:dropwizard-request-logging:1.2.4 (1 constraints: 410d301f)
io.dropwizard:dropwizard-servlets:1.2.4 (1 constraints: 410d301f)
io.dropwizard:dropwizard-util:1.2.4 (5 constraints: d949819c)
io.dropwizard:dropwizard-validation:1.2.4 (5 constraints: 85495f93)
io.dropwizard.metrics:metrics-annotation:3.2.6 (3 constraints: 5424d3ac)
io.dropwizard.metrics:metrics-core:3.2.6 (18 constraints: ec187b77)
io.dropwizard.metrics:metrics-graphite:3.2.6 (3 constraints: e926bd3f)
io.dropwizard.metrics:metrics-healthchecks:3.2.6 (3 constraints: 39233a2a)
io.dropwizard.metrics:metrics-jersey2:3.2.6 (2 constraints: 39130c40)
io.dropwizard.metrics:metrics-jetty9:3.2.6 (2 constraints: d7121e2b)
io.dropwizard.metrics:metrics-json:3.2.6 (4 constraints: d237a4a2)
io.dropwizard.metrics:metrics-jvm:3.2.6 (5 constraints: 15452d3a)
io.dropwizard.metrics:metrics-logback:3.2.6 (2 constraints: 8e13e154)
io.dropwizard.metrics:metrics-servlets:3.2.6 (2 constraints: 50121815)
io.netty:netty:3.10.6.Final (3 constraints: 0c36493b)
io.netty:netty-all:4.1.30.Final (3 constraints: de39af1b)
javax.activation:activation:1.1.1 (3 constraints: b22b0ca1)
javax.annotation:javax.annotation-api:1.3.2 (4 constraints: 404148b9)
javax.inject:javax.inject:1 (3 constraints: 8e1ee29e)
javax.servlet:javax.servlet-api:3.1.0 (4 constraints: b43d0190)
javax.servlet.jsp:jsp-api:2.2 (2 constraints: d01143f1)
javax.validation:validation-api:1.1.0.Final (3 constraints: dc393f20)
javax.ws.rs:javax.ws.rs-api:2.0.1 (13 constraints: ccef32ab)
javax.xml.bind:jaxb-api:2.2.2 (3 constraints: be315e4f)
javax.xml.stream:stax-api:1.0-2 (1 constraints: 440a22bf)
joda-time:joda-time:2.10 (5 constraints: 6d4f3b6d)
log4j:log4j:1.2.17 (8 constraints: 937375b4)
net.minidev:json-smart:1.3.1 (1 constraints: b20c5210)
net.razorvine:pyrolite:4.13 (1 constraints: eb0cb829)
net.sf.py4j:py4j:0.10.8.1 (1 constraints: a90d225f)
net.sourceforge.argparse4j:argparse4j:0.7.0 (1 constraints: 410d361f)
org.antlr:antlr4-runtime:4.7 (2 constraints: dd22443c)
org.apache.arrow:arrow-format:0.10.0 (1 constraints: 1f0de721)
org.apache.arrow:arrow-memory:0.10.0 (1 constraints: 1f0de721)
org.apache.arrow:arrow-vector:0.10.0 (2 constraints: d021fd52)
org.apache.avro:avro:1.8.2 (4 constraints: 2a3a225e)
org.apache.avro:avro-ipc:1.8.2 (2 constraints: ba200c7f)
org.apache.avro:avro-mapred:1.8.2 (2 constraints: dd21d906)
org.apache.commons:commons-compress:1.8.1 (4 constraints: 0b3bda96)
org.apache.commons:commons-crypto:1.0.0 (3 constraints: f1329cad)
org.apache.commons:commons-lang3:3.8.1 (7 constraints: bb6c79db)
org.apache.commons:commons-math3:3.6.1 (3 constraints: 632f5b9a)
org.apache.curator:curator-client:2.7.1 (3 constraints: 2a32f3e6)
org.apache.curator:curator-framework:2.7.1 (4 constraints: d4405d9d)
org.apache.curator:curator-recipes:2.7.1 (3 constraints: 682f629c)
org.apache.directory.api:api-asn1-api:1.0.0-M20 (1 constraints: 3d163b13)
org.apache.directory.api:api-util:1.0.0-M20 (1 constraints: 3d163b13)
org.apache.directory.server:apacheds-i18n:2.0.0-M15 (1 constraints: 42164713)
org.apache.directory.server:apacheds-kerberos-codec:2.0.0-M15 (1 constraints: 8f0d3b45)
org.apache.geronimo.specs:geronimo-jcache_1.0_spec:1.0-alpha-1 (1 constraints: 6314cf7b)
org.apache.hadoop:hadoop-annotations:2.9.1-palantir.11 (2 constraints: 4523b86f)
org.apache.hadoop:hadoop-auth:2.9.1-palantir.11 (1 constraints: a81147ee)
org.apache.hadoop:hadoop-client:2.9.1-palantir.11 (2 constraints: 0f2a659e)
org.apache.hadoop:hadoop-common:2.9.1-palantir.11 (3 constraints: f63ea828)
org.apache.hadoop:hadoop-hdfs-client:2.9.1-palantir.11 (1 constraints: 9e1142ed)
org.apache.hadoop:hadoop-mapreduce-client-app:2.9.1-palantir.11 (1 constraints: 9e1142ed)
org.apache.hadoop:hadoop-mapreduce-client-common:2.9.1-palantir.11 (3 constraints: f048873c)
org.apache.hadoop:hadoop-mapreduce-client-core:2.9.1-palantir.11 (3 constraints: ae42b8dc)
org.apache.hadoop:hadoop-mapreduce-client-jobclient:2.9.1-palantir.11 (1 constraints: 9e1142ed)
org.apache.hadoop:hadoop-mapreduce-client-shuffle:2.9.1-palantir.11 (2 constraints: 5630106d)
org.apache.hadoop:hadoop-yarn-api:2.9.1-palantir.11 (7 constraints: a4947012)
org.apache.hadoop:hadoop-yarn-client:2.9.1-palantir.11 (3 constraints: 67486c6d)
org.apache.hadoop:hadoop-yarn-common:2.9.1-palantir.11 (7 constraints: 059fe70a)
org.apache.hadoop:hadoop-yarn-registry:2.9.1-palantir.11 (2 constraints: 9d2e737f)
org.apache.hadoop:hadoop-yarn-server-common:2.9.1-palantir.11 (2 constraints: e530cdb7)
org.apache.hadoop:hadoop-yarn-server-nodemanager:2.9.1-palantir.11 (1 constraints: 9b186797)
org.apache.htrace:htrace-core4:4.1.0-incubating (1 constraints: da11d6dc)
org.apache.httpcomponents:httpclient:4.5.6 (3 constraints: 0b2faf2f)
org.apache.httpcomponents:httpcore:4.4.10 (2 constraints: 4525435c)
org.apache.ivy:ivy:2.4.0 (2 constraints: d3219605)
org.apache.orc:orc-core:1.5.3 (2 constraints: 80212916)
org.apache.orc:orc-mapreduce:1.5.3 (2 constraints: 80212916)
org.apache.orc:orc-shims:1.5.3 (1 constraints: 3f0ae8bc)
org.apache.parquet:parquet-column:1.10.1-palantir.3 (4 constraints: 60458ecb)
org.apache.parquet:parquet-common:1.10.1-palantir.3 (3 constraints: 3b2f0df8)
org.apache.parquet:parquet-encoding:1.10.1-palantir.3 (2 constraints: d01ba398)
org.apache.parquet:parquet-format:2.4.0 (2 constraints: 211d2d10)
org.apache.parquet:parquet-hadoop:1.10.1-palantir.3 (3 constraints: c13235a9)
org.apache.parquet:parquet-jackson:1.10.1-palantir.3 (1 constraints: a012f31d)
org.apache.spark:spark-catalyst_2.11:3.0.0-palantir.12 (1 constraints: d410b3dc)
org.apache.spark:spark-core_2.11:3.0.0-palantir.12 (3 constraints: 8e3c5c33)
org.apache.spark:spark-kvstore_2.11:3.0.0-palantir.12 (1 constraints: 2d11e8ef)
org.apache.spark:spark-launcher_2.11:3.0.0-palantir.12 (1 constraints: 2d11e8ef)
org.apache.spark:spark-network-common_2.11:3.0.0-palantir.12 (2 constraints: d426de2c)
org.apache.spark:spark-network-shuffle_2.11:3.0.0-palantir.12 (1 constraints: 2d11e8ef)
org.apache.spark:spark-sketch_2.11:3.0.0-palantir.12 (2 constraints: bc238dfe)
org.apache.spark:spark-sql_2.11:3.0.0-palantir.12 (1 constraints: d3184bc5)
org.apache.spark:spark-tags_2.11:3.0.0-palantir.12 (8 constraints: 2a97292c)
org.apache.spark:spark-unsafe_2.11:3.0.0-palantir.12 (2 constraints: 1524b924)
org.apache.xbean:xbean-asm7-shaded:4.12 (3 constraints: 092ec600)
org.apache.zookeeper:zookeeper:3.4.6 (8 constraints: d07bc07b)
org.checkerframework:checker-compat-qual:2.0.0 (1 constraints: 140ae5b4)
org.codehaus.jackson:jackson-core-asl:1.9.13 (11 constraints: 44a00fd6)
org.codehaus.jackson:jackson-jaxrs:1.9.13 (2 constraints: 9d240121)
org.codehaus.jackson:jackson-mapper-asl:1.9.13 (5 constraints: 5444bbd3)
org.codehaus.jackson:jackson-xc:1.9.13 (2 constraints: 9d240121)
org.codehaus.janino:commons-compiler:3.0.10 (3 constraints: de2f3bf7)
org.codehaus.janino:janino:3.0.10 (2 constraints: eb23eff2)
org.codehaus.jettison:jettison:1.1 (1 constraints: cb139247)
org.codehaus.mojo:animal-sniffer-annotations:1.14 (1 constraints: ea09d5aa)
org.codehaus.woodstox:stax2-api:3.1.4 (2 constraints: ba1d4a4d)
org.eclipse.jetty:jetty-continuation:9.4.12.v20180830 (3 constraints: 74387b21)
org.eclipse.jetty:jetty-http:9.4.12.v20180830 (4 constraints: 0a487993)
org.eclipse.jetty:jetty-io:9.4.12.v20180830 (3 constraints: f32f59b0)
org.eclipse.jetty:jetty-security:9.4.12.v20180830 (3 constraints: 5f3a228e)
org.eclipse.jetty:jetty-server:9.4.12.v20180830 (7 constraints: a88139ce)
org.eclipse.jetty:jetty-servlet:9.4.12.v20180830 (3 constraints: e7364a2c)
org.eclipse.jetty:jetty-servlets:9.4.12.v20180830 (2 constraints: 39276cee)
org.eclipse.jetty:jetty-util:9.4.12.v20180830 (6 constraints: a364a3d7)
org.eclipse.jetty:jetty-webapp:9.4.8.v20171121 (1 constraints: 6b1065db)
org.eclipse.jetty:jetty-xml:9.4.8.v20171121 (1 constraints: af0f9fbb)
org.eclipse.jetty.toolchain.setuid:jetty-setuid-java:1.0.3 (1 constraints: 3e0d291f)
org.ehcache:ehcache:3.3.1 (1 constraints: 36126e05)
org.fusesource.leveldbjni:leveldbjni-all:1.8 (6 constraints: 1f6ddf11)
org.glassfish:javax.el:3.0.0 (1 constraints: bf0f5484)
org.glassfish.hk2:hk2-api:2.5.0-b32 (5 constraints: 985605c5)
org.glassfish.hk2:hk2-locator:2.5.0-b32 (4 constraints: 3949d563)
org.glassfish.hk2:hk2-utils:2.5.0-b32 (2 constraints: 0519152b)
org.glassfish.hk2:osgi-resource-locator:1.0.1 (2 constraints: 79234465)
org.glassfish.hk2.external:aopalliance-repackaged:2.5.0-b32 (2 constraints: 0519152b)
org.glassfish.hk2.external:javax.inject:2.5.0-b32 (7 constraints: 3e86b56f)
org.glassfish.jersey.bundles.repackaged:jersey-guava:2.25.1 (1 constraints: 251120d4)
org.glassfish.jersey.containers:jersey-container-servlet:2.25.1 (3 constraints: 9730bc65)
org.glassfish.jersey.containers:jersey-container-servlet-core:2.25.1 (3 constraints: 583ad274)
org.glassfish.jersey.core:jersey-client:2.25.1 (3 constraints: 6d3308a4)
org.glassfish.jersey.core:jersey-common:2.25.1 (9 constraints: 44b2c283)
org.glassfish.jersey.core:jersey-server:2.25.1 (7 constraints: 65893b81)
org.glassfish.jersey.ext:jersey-bean-validation:2.25.1 (1 constraints: 5d0e764e)
org.glassfish.jersey.ext:jersey-metainf-services:2.25.1 (1 constraints: 5d0e764e)
org.glassfish.jersey.media:jersey-media-jaxb:2.25.1 (1 constraints: 3311f9d4)
org.hibernate:hibernate-validator:5.4.2.Final (2 constraints: f727b721)
org.immutables:value:2.7.5 (1 constraints: ac085e7e)
org.javassist:javassist:3.20.0-GA (1 constraints: 4f0d1a40)
org.jboss.logging:jboss-logging:3.3.0.Final (1 constraints: bd10c4b6)
org.json4s:json4s-ast_2.11:3.5.3 (1 constraints: 0c0b9ae9)
org.json4s:json4s-core_2.11:3.5.3 (1 constraints: 4c0c5316)
org.json4s:json4s-jackson_2.11:3.5.3 (2 constraints: dd21dd06)
org.json4s:json4s-scalap_2.11:3.5.3 (1 constraints: 0c0b9ae9)
org.lz4:lz4-java:1.5.0 (2 constraints: d3219205)
org.mortbay.jetty:jetty:6.1.26 (2 constraints: ca1c0ff9)
org.mortbay.jetty:jetty-sslengine:6.1.26 (1 constraints: c30d113d)
org.mortbay.jetty:jetty-util:6.1.26 (4 constraints: e33c36b5)
org.mortbay.jetty:servlet-api:2.5-20081211 (1 constraints: 390cbd19)
org.objenesis:objenesis:2.6 (2 constraints: cb223e29)
org.roaringbitmap:RoaringBitmap:0.7.16 (2 constraints: 43228042)
org.scala-lang:scala-library:2.11.12 (12 constraints: 79b09a0b)
org.scala-lang:scala-reflect:2.11.12 (3 constraints: c8319662)
org.scala-lang.modules:scala-parser-combinators_2.11:1.1.0 (2 constraints: 872309b4)
org.scala-lang.modules:scala-xml_2.11:1.0.6 (1 constraints: 080b84e9)
org.slf4j:jcl-over-slf4j:1.7.25 (3 constraints: fb30af9b)
org.slf4j:jul-to-slf4j:1.7.25 (3 constraints: fb30af9b)
org.slf4j:log4j-over-slf4j:1.7.25 (1 constraints: b70e995e)
org.slf4j:slf4j-api:1.7.25 (49 constraints: e5cf1c3b)
org.slf4j:slf4j-log4j12:1.7.25 (10 constraints: 7baff771)
org.sonatype.sisu.inject:cglib:2.2.1-v20090111 (1 constraints: aa0cfd36)
org.spark-project.spark:unused:1.0.0 (10 constraints: 6691c0a5)
org.tukaani:xz:1.5 (1 constraints: f008458a)
org.xerial.snappy:snappy-java:1.1.7.2 (4 constraints: 2f3bc177)
org.yaml:snakeyaml:1.23 (1 constraints: 6e17f627)
oro:oro:2.0.8 (1 constraints: 1b0dc436)
xmlenc:xmlenc:0.52 (1 constraints: 5d0db521)
