# Run ./gradlew --write-locks to regenerate this file
aopalliance:aopalliance:1.0 (1 constraints: 170a83ac)
com.carrotsearch:hppc:0.7.2 (1 constraints: f70cda14)
com.clearspring.analytics:stream:2.9.6 (2 constraints: e9215f08)
com.esotericsoftware:kryo-shaded:4.0.2 (2 constraints: b71345a6)
com.esotericsoftware:minlog:1.3.0 (1 constraints: 670e7c4f)
com.fasterxml.jackson.core:jackson-annotations:2.10.0 (5 constraints: 6e5d6a29)
com.fasterxml.jackson.core:jackson-core:2.10.0 (8 constraints: 6e9d6847)
com.fasterxml.jackson.core:jackson-databind:2.10.0 (10 constraints: 6cb7c0da)
com.fasterxml.jackson.dataformat:jackson-dataformat-yaml:2.10.0 (2 constraints: 2d22b23f)
com.fasterxml.jackson.datatype:jackson-datatype-guava:2.10.0 (1 constraints: ea1437c5)
com.fasterxml.jackson.datatype:jackson-datatype-jdk8:2.10.0 (1 constraints: ea1437c5)
com.fasterxml.jackson.module:jackson-module-paranamer:2.10.0 (1 constraints: 01162a16)
com.fasterxml.jackson.module:jackson-module-scala_2.11:2.10.0 (2 constraints: 2d22b23f)
com.fasterxml.woodstox:woodstox-core:5.0.3 (1 constraints: 8c0d472f)
com.github.luben:zstd-jni:1.3.5-3 (2 constraints: 9922e77c)
com.github.stephenc.jcip:jcip-annotations:1.0-1 (1 constraints: 930cbb09)
com.google.code.findbugs:jsr305:3.0.2 (7 constraints: 7f65ecaf)
com.google.code.gson:gson:2.2.4 (1 constraints: 8c0d3f2f)
com.google.errorprone:error_prone_annotations:2.3.3 (2 constraints: 191b3159)
com.google.flatbuffers:flatbuffers-java:1.9.0 (2 constraints: e5199714)
com.google.guava:failureaccess:1.0.1 (1 constraints: 140ae1b4)
com.google.guava:guava:27.0.1-jre (14 constraints: 18e224d1)
com.google.guava:listenablefuture:9999.0-empty-to-avoid-conflict-with-guava (1 constraints: bd17c918)
com.google.inject:guice:3.0 (3 constraints: a3340f8d)
com.google.inject.extensions:guice-servlet:3.0 (1 constraints: 100f4b62)
com.google.j2objc:j2objc-annotations:1.1 (1 constraints: b609eba0)
com.google.protobuf:protobuf-java:2.5.0 (12 constraints: 63d49288)
com.jamesmurty.utils:java-xmlbuilder:0.4 (1 constraints: e40aa5ca)
com.jcraft:jsch:0.1.54 (1 constraints: be0df13c)
com.microsoft.sqlserver:mssql-jdbc:6.2.1.jre7 (1 constraints: de137765)
com.nimbusds:nimbus-jose-jwt:4.41.1 (1 constraints: e70c4e1d)
com.ning:compress-lzf:1.0.4 (2 constraints: d1213f05)
com.palantir.safe-logging:preconditions:1.13.0 (2 constraints: 231adb43)
com.palantir.safe-logging:safe-logging:1.13.0 (3 constraints: 6133800d)
com.squareup.okhttp:okhttp:2.7.5 (2 constraints: 1e24b4d7)
com.squareup.okio:okio:1.15.0 (2 constraints: 0b21a1a6)
com.thoughtworks.paranamer:paranamer:2.8 (5 constraints: c84a936c)
com.twitter:chill-java:0.9.3 (3 constraints: 692bb585)
com.twitter:chill_2.11:0.9.3 (3 constraints: d42fa810)
com.univocity:univocity-parsers:2.7.3 (2 constraints: 9c1b34f6)
com.zaxxer:HikariCP-java7:2.4.12 (1 constraints: 6812d417)
commons-beanutils:commons-beanutils:1.9.3 (2 constraints: 9d23b599)
commons-beanutils:commons-beanutils-core:1.8.0 (1 constraints: 1d134124)
commons-cli:commons-cli:1.2 (3 constraints: 3d2b1dca)
commons-codec:commons-codec:1.11 (13 constraints: 2cbc2bfa)
commons-collections:commons-collections:3.2.2 (4 constraints: 19454db0)
commons-configuration:commons-configuration:1.6 (1 constraints: 2d0d5c14)
commons-digester:commons-digester:1.8 (1 constraints: bf1228fe)
commons-io:commons-io:2.6 (3 constraints: 9e3084b6)
commons-lang:commons-lang:2.6 (9 constraints: c789c206)
commons-net:commons-net:3.6 (3 constraints: 462e7eb1)
io.airlift:aircompressor:0.10 (1 constraints: 090a9fb2)
io.dropwizard.metrics:metrics-core:3.2.6 (8 constraints: 8287540a)
io.dropwizard.metrics:metrics-graphite:3.2.6 (2 constraints: dd21d106)
io.dropwizard.metrics:metrics-json:3.2.6 (2 constraints: dd21d106)
io.dropwizard.metrics:metrics-jvm:3.2.6 (2 constraints: dd21d106)
io.netty:netty:3.10.6.Final (3 constraints: 0c36493b)
io.netty:netty-all:4.1.30.Final (3 constraints: de39af1b)
javax.activation:activation:1.1.1 (3 constraints: b22b0ca1)
javax.annotation:javax.annotation-api:1.3.2 (3 constraints: 55341c48)
javax.inject:javax.inject:1 (3 constraints: 8e1ee29e)
javax.servlet:javax.servlet-api:3.1.0 (1 constraints: 150dc436)
javax.servlet.jsp:jsp-api:2.2 (2 constraints: d01143f1)
javax.validation:validation-api:1.1.0.Final (1 constraints: 13133130)
javax.ws.rs:javax.ws.rs-api:2.0.1 (6 constraints: 2779d49c)
javax.xml.bind:jaxb-api:2.2.2 (3 constraints: be315e4f)
javax.xml.stream:stax-api:1.0-2 (1 constraints: 440a22bf)
joda-time:joda-time:2.10 (2 constraints: 8d21edbc)
log4j:log4j:1.2.17 (8 constraints: 937375b4)
net.java.dev.jets3t:jets3t:0.9.0 (1 constraints: 8d0d462f)
net.minidev:json-smart:1.3.1 (1 constraints: b20c5210)
net.razorvine:pyrolite:4.13 (1 constraints: eb0cb829)
net.sf.py4j:py4j:0.10.8.1 (1 constraints: a90d225f)
org.antlr:antlr4-runtime:4.7.1 (2 constraints: 9b23afb6)
org.apache.arrow:arrow-format:0.12.0 (1 constraints: 210ded21)
org.apache.arrow:arrow-memory:0.12.0 (1 constraints: 210ded21)
org.apache.arrow:arrow-vector:0.12.0 (2 constraints: d4215b53)
org.apache.avro:avro:1.8.2 (4 constraints: 2a3a225e)
org.apache.avro:avro-ipc:1.8.2 (2 constraints: ba200c7f)
org.apache.avro:avro-mapred:1.8.2 (2 constraints: dd21d906)
org.apache.commons:commons-compress:1.18 (4 constraints: dd3acb5b)
org.apache.commons:commons-crypto:1.0.0 (3 constraints: f1329cad)
org.apache.commons:commons-lang3:3.8.1 (4 constraints: 3e402aa9)
org.apache.commons:commons-math3:3.6.1 (3 constraints: 632f5b9a)
org.apache.curator:curator-client:2.7.1 (3 constraints: 2a32f3e6)
org.apache.curator:curator-framework:2.7.1 (4 constraints: d4405d9d)
org.apache.curator:curator-recipes:2.7.1 (3 constraints: 682f629c)
org.apache.directory.api:api-asn1-api:1.0.0-M20 (1 constraints: 3d163b13)
org.apache.directory.api:api-util:1.0.0-M20 (1 constraints: 3d163b13)
org.apache.directory.server:apacheds-i18n:2.0.0-M15 (1 constraints: 42164713)
org.apache.directory.server:apacheds-kerberos-codec:2.0.0-M15 (1 constraints: 8f0d3b45)
org.apache.geronimo.specs:geronimo-jcache_1.0_spec:1.0-alpha-1 (1 constraints: 6314cf7b)
org.apache.hadoop:hadoop-annotations:2.9.2-palantir.10 (6 constraints: e87247f2)
org.apache.hadoop:hadoop-auth:2.9.2-palantir.10 (1 constraints: a81153ee)
org.apache.hadoop:hadoop-client:2.9.2-palantir.10 (3 constraints: 543b6046)
org.apache.hadoop:hadoop-common:2.9.2-palantir.10 (3 constraints: f63ecc28)
org.apache.hadoop:hadoop-hdfs-client:2.9.2-palantir.10 (1 constraints: 9e114eed)
org.apache.hadoop:hadoop-mapreduce-client-app:2.9.2-palantir.10 (1 constraints: 9e114eed)
org.apache.hadoop:hadoop-mapreduce-client-common:2.9.2-palantir.10 (3 constraints: f048ab3c)
org.apache.hadoop:hadoop-mapreduce-client-core:2.9.2-palantir.10 (3 constraints: ae42dcdc)
org.apache.hadoop:hadoop-mapreduce-client-jobclient:2.9.2-palantir.10 (1 constraints: 9e114eed)
org.apache.hadoop:hadoop-mapreduce-client-shuffle:2.9.2-palantir.10 (2 constraints: 5630286d)
org.apache.hadoop:hadoop-yarn-api:2.9.2-palantir.10 (9 constraints: 5fbdbb08)
org.apache.hadoop:hadoop-yarn-client:2.9.2-palantir.10 (4 constraints: ac59055e)
org.apache.hadoop:hadoop-yarn-common:2.9.2-palantir.10 (9 constraints: c0c7e6de)
org.apache.hadoop:hadoop-yarn-registry:2.9.2-palantir.10 (2 constraints: 9d2e8b7f)
org.apache.hadoop:hadoop-yarn-server-common:2.9.2-palantir.10 (3 constraints: 5b4802cc)
org.apache.hadoop:hadoop-yarn-server-nodemanager:2.9.2-palantir.10 (1 constraints: 9b187397)
org.apache.hadoop:hadoop-yarn-server-web-proxy:2.9.2-palantir.10 (2 constraints: 202abcdd)
org.apache.htrace:htrace-core4:4.1.0-incubating (1 constraints: da11d6dc)
org.apache.httpcomponents:httpclient:4.5.6 (4 constraints: 4f3a0a2f)
org.apache.httpcomponents:httpcore:4.4.10 (3 constraints: 893044fe)
org.apache.ivy:ivy:2.4.0 (2 constraints: d3219605)
org.apache.orc:orc-core:1.5.4 (2 constraints: 82215316)
org.apache.orc:orc-mapreduce:1.5.4 (2 constraints: 82215316)
org.apache.orc:orc-shims:1.5.4 (1 constraints: 400ae9bc)
org.apache.parquet:parquet-column:1.12.0-palantir.7 (3 constraints: 523ce0e2)
org.apache.parquet:parquet-common:1.12.0-palantir.7 (2 constraints: 28260a82)
org.apache.parquet:parquet-encoding:1.12.0-palantir.7 (1 constraints: b812ea1f)
org.apache.parquet:parquet-format-structures:1.12.0-palantir.7 (2 constraints: 5725402f)
org.apache.parquet:parquet-hadoop:1.12.0-palantir.7 (2 constraints: ae293eaa)
org.apache.parquet:parquet-jackson:1.12.0-palantir.7 (1 constraints: a512071e)
org.apache.spark:spark-catalyst_2.11:3.0.0-palantir.66 (1 constraints: dd10c1dc)
org.apache.spark:spark-core_2.11:3.0.0-palantir.66 (4 constraints: ef4d31bb)
org.apache.spark:spark-dist_2.11-hadoop-palantir-bom:3.0.0-palantir.66 (1 constraints: 27097b8e)
org.apache.spark:spark-kvstore_2.11:3.0.0-palantir.66 (1 constraints: 3611f6ef)
org.apache.spark:spark-launcher_2.11:3.0.0-palantir.66 (1 constraints: 3611f6ef)
org.apache.spark:spark-network-common_2.11:3.0.0-palantir.66 (2 constraints: e6263a2f)
org.apache.spark:spark-network-shuffle_2.11:3.0.0-palantir.66 (1 constraints: 3611f6ef)
org.apache.spark:spark-sketch_2.11:3.0.0-palantir.66 (2 constraints: ce238c00)
org.apache.spark:spark-sql_2.11:3.0.0-palantir.66 (1 constraints: dc1859c5)
org.apache.spark:spark-tags_2.11:3.0.0-palantir.66 (8 constraints: 7297b063)
org.apache.spark:spark-unsafe_2.11:3.0.0-palantir.66 (2 constraints: 2724b226)
org.apache.spark:spark-yarn_2.11:3.0.0-palantir.66 (1 constraints: dc1859c5)
org.apache.xbean:xbean-asm7-shaded:4.12 (3 constraints: 092ec600)
org.apache.yetus:audience-annotations:0.7.0 (1 constraints: 990efd55)
org.apache.zookeeper:zookeeper:3.4.7 (8 constraints: d27bff7b)
org.checkerframework:checker-qual:2.5.2 (1 constraints: 1b0af6b4)
org.codehaus.jackson:jackson-core-asl:1.9.13 (10 constraints: 839116f0)
org.codehaus.jackson:jackson-jaxrs:1.9.13 (2 constraints: 9d240121)
org.codehaus.jackson:jackson-mapper-asl:1.9.13 (8 constraints: d272aa09)
org.codehaus.jackson:jackson-xc:1.9.13 (2 constraints: 9d240121)
org.codehaus.janino:commons-compiler:3.0.11 (3 constraints: e12fc4f7)
org.codehaus.janino:janino:3.0.11 (2 constraints: ed232ff3)
org.codehaus.jettison:jettison:1.1 (1 constraints: cb139247)
org.codehaus.mojo:animal-sniffer-annotations:1.17 (1 constraints: ed09d8aa)
org.codehaus.woodstox:stax2-api:3.1.4 (2 constraints: ba1d4a4d)
org.ehcache:ehcache:3.3.1 (1 constraints: 36126e05)
org.fusesource.leveldbjni:leveldbjni-all:1.8 (6 constraints: 1f6ddf11)
org.glassfish.hk2:hk2-api:2.5.0-b32 (5 constraints: 985605c5)
org.glassfish.hk2:hk2-locator:2.5.0-b32 (4 constraints: 3949d563)
org.glassfish.hk2:hk2-utils:2.5.0-b32 (2 constraints: 0519152b)
org.glassfish.hk2:osgi-resource-locator:1.0.1 (2 constraints: 79234465)
org.glassfish.hk2.external:aopalliance-repackaged:2.5.0-b32 (2 constraints: 0519152b)
org.glassfish.hk2.external:javax.inject:2.5.0-b32 (6 constraints: 4c710d12)
org.glassfish.jersey.bundles.repackaged:jersey-guava:2.25.1 (1 constraints: 251120d4)
org.glassfish.jersey.containers:jersey-container-servlet:2.25.1 (2 constraints: 3b228c41)
org.glassfish.jersey.containers:jersey-container-servlet-core:2.25.1 (3 constraints: 583ad274)
org.glassfish.jersey.core:jersey-client:2.25.1 (3 constraints: 6d3308a4)
org.glassfish.jersey.core:jersey-common:2.25.1 (7 constraints: 5b89d5f8)
org.glassfish.jersey.core:jersey-server:2.25.1 (4 constraints: 4b549d8a)
org.glassfish.jersey.media:jersey-media-jaxb:2.25.1 (1 constraints: 3311f9d4)
org.immutables:value:2.8.3 (2 constraints: d219e71a)
org.javassist:javassist:3.20.0-GA (1 constraints: 4f0d1a40)
org.json4s:json4s-ast_2.11:3.5.3 (1 constraints: 0c0b9ae9)
org.json4s:json4s-core_2.11:3.5.3 (1 constraints: 4c0c5316)
org.json4s:json4s-jackson_2.11:3.5.3 (2 constraints: dd21dd06)
org.json4s:json4s-scalap_2.11:3.5.3 (1 constraints: 0c0b9ae9)
org.lz4:lz4-java:1.5.0 (2 constraints: d3219205)
org.mortbay.jetty:jetty:6.1.26 (2 constraints: 54212696)
org.mortbay.jetty:jetty-sslengine:6.1.26 (1 constraints: c30d113d)
org.mortbay.jetty:jetty-util:6.1.26 (4 constraints: e33c36b5)
org.objenesis:objenesis:2.6 (2 constraints: cb223e29)
org.roaringbitmap:RoaringBitmap:0.7.16 (2 constraints: 43228042)
org.scala-lang:scala-library:2.11.12 (12 constraints: 79b09a0b)
org.scala-lang:scala-reflect:2.11.12 (3 constraints: c8319662)
org.scala-lang.modules:scala-parser-combinators_2.11:1.1.0 (2 constraints: 872309b4)
org.scala-lang.modules:scala-xml_2.11:1.0.6 (1 constraints: 080b84e9)
org.slf4j:jcl-over-slf4j:1.7.25 (2 constraints: 4522cc42)
org.slf4j:jul-to-slf4j:1.7.25 (2 constraints: 4522cc42)
org.slf4j:slf4j-api:1.7.25 (37 constraints: 2f267fb6)
org.slf4j:slf4j-log4j12:1.7.25 (10 constraints: 7baff771)
org.sonatype.sisu.inject:cglib:2.2.1-v20090111 (1 constraints: aa0cfd36)
org.spark-project.spark:unused:1.0.0 (11 constraints: 889e3128)
org.tukaani:xz:1.8 (2 constraints: 511d9220)
org.xerial.snappy:snappy-java:1.1.7.3 (4 constraints: 333be278)
org.yaml:snakeyaml:1.24 (1 constraints: 6f17f727)
oro:oro:2.0.8 (1 constraints: 1b0dc436)
xmlenc:xmlenc:0.52 (1 constraints: 5d0db521)

[Test dependencies]
junit:junit:4.12 (1 constraints: 90149d9b)
org.hamcrest:hamcrest-core:1.3 (2 constraints: 281aeb1c)
